
Microsoft Visual Studio Solution File, Format Version 12.00
# Visual Studio Version 16
VisualStudioVersion = 16.0.30002.166
MinimumVisualStudioVersion = 10.0.40219.1
Project("{FAE04EC0-301F-11D3-BF4B-00C04F79EFBC}") = "arcadiacourse-pavlova", "arcadiacourse-pavlova.csproj", "{841ACB29-9563-41CC-9D31-48A95EEC2AC8}"
EndProject
Global
	GlobalSection(SolutionConfigurationPlatforms) = preSolution
		Debug|Any CPU = Debug|Any CPU
		Release|Any CPU = Release|Any CPU
	EndGlobalSection
	GlobalSection(ProjectConfigurationPlatforms) = postSolution
		{841ACB29-9563-41CC-9D31-48A95EEC2AC8}.Debug|Any CPU.ActiveCfg = Debug|Any CPU
		{841ACB29-9563-41CC-9D31-48A95EEC2AC8}.Debug|Any CPU.Build.0 = Debug|Any CPU
		{841ACB29-9563-41CC-9D31-48A95EEC2AC8}.Release|Any CPU.ActiveCfg = Release|Any CPU
		{841ACB29-9563-41CC-9D31-48A95EEC2AC8}.Release|Any CPU.Build.0 = Release|Any CPU
	EndGlobalSection
	GlobalSection(SolutionProperties) = preSolution
		HideSolutionNode = FALSE
	EndGlobalSection
	GlobalSection(ExtensibilityGlobals) = postSolution
		SolutionGuid = {98F87150-DF6E-4EBD-A731-8DA060FFE107}
	EndGlobalSection
EndGlobal
